
Microsoft Visual Studio Solution File, Format Version 12.00
# Visual Studio Version 17
VisualStudioVersion = 17.0.31912.275
MinimumVisualStudioVersion = 10.0.40219.1
Project("{9A19103F-16F7-4668-BE54-9A1E7A4F7556}") = "OrderService", "OrderService.csproj", "{19928F01-D263-4C60-B0B0-86ABF0ADD88C}"
EndProject
Global
	GlobalSection(SolutionConfigurationPlatforms) = preSolution
		Debug|Any CPU = Debug|Any CPU
		Release|Any CPU = Release|Any CPU
	EndGlobalSection
	GlobalSection(ProjectConfigurationPlatforms) = postSolution
		{19928F01-D263-4C60-B0B0-86ABF0ADD88C}.Debug|Any CPU.ActiveCfg = Debug|Any CPU
		{19928F01-D263-4C60-B0B0-86ABF0ADD88C}.Debug|Any CPU.Build.0 = Debug|Any CPU
		{19928F01-D263-4C60-B0B0-86ABF0ADD88C}.Release|Any CPU.ActiveCfg = Release|Any CPU
		{19928F01-D263-4C60-B0B0-86ABF0ADD88C}.Release|Any CPU.Build.0 = Release|Any CPU
	EndGlobalSection
	GlobalSection(SolutionProperties) = preSolution
		HideSolutionNode = FALSE
	EndGlobalSection
	GlobalSection(ExtensibilityGlobals) = postSolution
		SolutionGuid = {ADFDD32A-F96E-4291-86C0-2B00798A34D9}
	EndGlobalSection
EndGlobal
